// !$*UTF8*$!
{
	archiveVersion = 1;
	classes = {
	};
	objectVersion = 46;
	objects = {

/* Begin PBXBuildFile section */
		AF0032051C3D1E8E00158254 /* TestXcodeProjects.zip in Resources */ = {isa = PBXBuildFile; fileRef = AF0032041C3D1E8E00158254 /* TestXcodeProjects.zip */; };
		AF0032071C412C7C00158254 /* XcodeBuild.swift in Sources */ = {isa = PBXBuildFile; fileRef = AF0032061C412C7C00158254 /* XcodeBuild.swift */; };
		AF0032081C412C7C00158254 /* XcodeBuild.swift in Sources */ = {isa = PBXBuildFile; fileRef = AF0032061C412C7C00158254 /* XcodeBuild.swift */; };
		AF00320A1C412CC600158254 /* Target.swift in Sources */ = {isa = PBXBuildFile; fileRef = AF0032091C412CC600158254 /* Target.swift */; };
		AF00320B1C412CC600158254 /* Target.swift in Sources */ = {isa = PBXBuildFile; fileRef = AF0032091C412CC600158254 /* Target.swift */; };
		AF1DC4FD1C5AC376005FC72A /* XcodeBuildTests.swift in Sources */ = {isa = PBXBuildFile; fileRef = AF1DC4FC1C5AC376005FC72A /* XcodeBuildTests.swift */; };
		AFC2948A1C50D66400777D6A /* XCRun.swift in Sources */ = {isa = PBXBuildFile; fileRef = AFCDBFDC1C4F875600039CF8 /* XCRun.swift */; };
		AFC2948B1C50D6F000777D6A /* CoverageAnalysis.swift in Sources */ = {isa = PBXBuildFile; fileRef = AFCDBFDA1C4F873900039CF8 /* CoverageAnalysis.swift */; };
		AFCDBFDB1C4F873900039CF8 /* CoverageAnalysis.swift in Sources */ = {isa = PBXBuildFile; fileRef = AFCDBFDA1C4F873900039CF8 /* CoverageAnalysis.swift */; };
		AFCDBFDD1C4F875600039CF8 /* XCRun.swift in Sources */ = {isa = PBXBuildFile; fileRef = AFCDBFDC1C4F875600039CF8 /* XCRun.swift */; };
		AFE7C79C1C3493EB00A95B77 /* main.swift in Sources */ = {isa = PBXBuildFile; fileRef = AFE7C79B1C3493EB00A95B77 /* main.swift */; };
		AFE7C7A91C34A85E00A95B77 /* XcodeProjectTests.swift in Sources */ = {isa = PBXBuildFile; fileRef = AFE7C7A81C34A85E00A95B77 /* XcodeProjectTests.swift */; };
		AFE7C7B01C34B26A00A95B77 /* main.swift in Sources */ = {isa = PBXBuildFile; fileRef = AFE7C79B1C3493EB00A95B77 /* main.swift */; };
		AFE7C7B41C34B65100A95B77 /* XcodeProject.swift in Sources */ = {isa = PBXBuildFile; fileRef = AFE7C7B31C34B65100A95B77 /* XcodeProject.swift */; };
		AFE7C7B51C34B65100A95B77 /* XcodeProject.swift in Sources */ = {isa = PBXBuildFile; fileRef = AFE7C7B31C34B65100A95B77 /* XcodeProject.swift */; };
		AFF0F22F1C3992090083EDC2 /* CoverageReport.swift in Sources */ = {isa = PBXBuildFile; fileRef = AFF0F22E1C3992090083EDC2 /* CoverageReport.swift */; };
		AFF0F2301C3992090083EDC2 /* CoverageReport.swift in Sources */ = {isa = PBXBuildFile; fileRef = AFF0F22E1C3992090083EDC2 /* CoverageReport.swift */; };
		AFF75A561C37341B00F450AC /* ZipArchive.framework in Frameworks */ = {isa = PBXBuildFile; fileRef = AFF75A551C37341B00F450AC /* ZipArchive.framework */; };
		AFF8700C1C3B1DF200658254 /* Xcode.framework in Frameworks */ = {isa = PBXBuildFile; fileRef = AFF8700B1C3B1DF200658254 /* Xcode.framework */; };
		AFF8700D1C3B1DF200658254 /* Xcode.framework in Frameworks */ = {isa = PBXBuildFile; fileRef = AFF8700B1C3B1DF200658254 /* Xcode.framework */; };
		AFF870111C3B264A00658254 /* Xcode.framework in CopyFiles */ = {isa = PBXBuildFile; fileRef = AFF8700B1C3B1DF200658254 /* Xcode.framework */; };
/* End PBXBuildFile section */

/* Begin PBXCopyFilesBuildPhase section */
		AFE7C7961C3493EB00A95B77 /* CopyFiles */ = {
			isa = PBXCopyFilesBuildPhase;
			buildActionMask = 2147483647;
			dstPath = usr/share/man/man1;
			dstSubfolderSpec = 16;
			files = (
				AFF870111C3B264A00658254 /* Xcode.framework in CopyFiles */,
			);
			runOnlyForDeploymentPostprocessing = 1;
		};
/* End PBXCopyFilesBuildPhase section */

/* Begin PBXFileReference section */
		AF0032041C3D1E8E00158254 /* TestXcodeProjects.zip */ = {isa = PBXFileReference; lastKnownFileType = archive.zip; path = TestXcodeProjects.zip; sourceTree = "<group>"; };
		AF0032061C412C7C00158254 /* XcodeBuild.swift */ = {isa = PBXFileReference; fileEncoding = 4; lastKnownFileType = sourcecode.swift; path = XcodeBuild.swift; sourceTree = "<group>"; };
		AF0032091C412CC600158254 /* Target.swift */ = {isa = PBXFileReference; fileEncoding = 4; lastKnownFileType = sourcecode.swift; path = Target.swift; sourceTree = "<group>"; };
		AF1DC4FC1C5AC376005FC72A /* XcodeBuildTests.swift */ = {isa = PBXFileReference; fileEncoding = 4; lastKnownFileType = sourcecode.swift; path = XcodeBuildTests.swift; sourceTree = "<group>"; };
		AFCDBFDA1C4F873900039CF8 /* CoverageAnalysis.swift */ = {isa = PBXFileReference; fileEncoding = 4; lastKnownFileType = sourcecode.swift; path = CoverageAnalysis.swift; sourceTree = "<group>"; };
		AFCDBFDC1C4F875600039CF8 /* XCRun.swift */ = {isa = PBXFileReference; fileEncoding = 4; lastKnownFileType = sourcecode.swift; path = XCRun.swift; sourceTree = "<group>"; };
		AFE7C7981C3493EB00A95B77 /* Parasol */ = {isa = PBXFileReference; explicitFileType = "compiled.mach-o.executable"; includeInIndex = 0; path = Parasol; sourceTree = BUILT_PRODUCTS_DIR; };
		AFE7C79B1C3493EB00A95B77 /* main.swift */ = {isa = PBXFileReference; lastKnownFileType = sourcecode.swift; path = main.swift; sourceTree = "<group>"; };
		AFE7C7A61C34A85E00A95B77 /* ParasolTests.xctest */ = {isa = PBXFileReference; explicitFileType = wrapper.cfbundle; includeInIndex = 0; path = ParasolTests.xctest; sourceTree = BUILT_PRODUCTS_DIR; };
		AFE7C7A81C34A85E00A95B77 /* XcodeProjectTests.swift */ = {isa = PBXFileReference; lastKnownFileType = sourcecode.swift; path = XcodeProjectTests.swift; sourceTree = "<group>"; };
		AFE7C7AA1C34A85E00A95B77 /* Info.plist */ = {isa = PBXFileReference; lastKnownFileType = text.plist.xml; path = Info.plist; sourceTree = "<group>"; };
		AFE7C7B31C34B65100A95B77 /* XcodeProject.swift */ = {isa = PBXFileReference; fileEncoding = 4; indentWidth = 4; lastKnownFileType = sourcecode.swift; path = XcodeProject.swift; sourceTree = "<group>"; tabWidth = 4; };
		AFF0F22E1C3992090083EDC2 /* CoverageReport.swift */ = {isa = PBXFileReference; fileEncoding = 4; lastKnownFileType = sourcecode.swift; path = CoverageReport.swift; sourceTree = "<group>"; };
		AFF75A551C37341B00F450AC /* ZipArchive.framework */ = {isa = PBXFileReference; lastKnownFileType = wrapper.framework; name = ZipArchive.framework; path = Carthage/Build/Mac/ZipArchive.framework; sourceTree = SOURCE_ROOT; };
		AFF8700B1C3B1DF200658254 /* Xcode.framework */ = {isa = PBXFileReference; lastKnownFileType = wrapper.framework; name = Xcode.framework; path = Carthage/Build/Mac/Xcode.framework; sourceTree = SOURCE_ROOT; };
/* End PBXFileReference section */

/* Begin PBXFrameworksBuildPhase section */
		AFE7C7951C3493EB00A95B77 /* Frameworks */ = {
			isa = PBXFrameworksBuildPhase;
			buildActionMask = 2147483647;
			files = (
				AFF8700C1C3B1DF200658254 /* Xcode.framework in Frameworks */,
			);
			runOnlyForDeploymentPostprocessing = 0;
		};
		AFE7C7A31C34A85E00A95B77 /* Frameworks */ = {
			isa = PBXFrameworksBuildPhase;
			buildActionMask = 2147483647;
			files = (
				AFF8700D1C3B1DF200658254 /* Xcode.framework in Frameworks */,
				AFF75A561C37341B00F450AC /* ZipArchive.framework in Frameworks */,
			);
			runOnlyForDeploymentPostprocessing = 0;
		};
/* End PBXFrameworksBuildPhase section */

/* Begin PBXGroup section */
		AFE7C78F1C3493EB00A95B77 = {
			isa = PBXGroup;
			children = (
				AFE7C79A1C3493EB00A95B77 /* Parasol */,
				AFE7C7A71C34A85E00A95B77 /* ParasolTests */,
				AFF8700F1C3B1F8900658254 /* Frameworks */,
				AFE7C7991C3493EB00A95B77 /* Products */,
			);
			sourceTree = "<group>";
		};
		AFE7C7991C3493EB00A95B77 /* Products */ = {
			isa = PBXGroup;
			children = (
				AFE7C7981C3493EB00A95B77 /* Parasol */,
				AFE7C7A61C34A85E00A95B77 /* ParasolTests.xctest */,
			);
			name = Products;
			sourceTree = "<group>";
		};
		AFE7C79A1C3493EB00A95B77 /* Parasol */ = {
			isa = PBXGroup;
			children = (
				AFE7C79B1C3493EB00A95B77 /* main.swift */,
				AFE7C7B31C34B65100A95B77 /* XcodeProject.swift */,
				AF0032091C412CC600158254 /* Target.swift */,
				AF0032061C412C7C00158254 /* XcodeBuild.swift */,
				AFCDBFDC1C4F875600039CF8 /* XCRun.swift */,
				AFF0F22E1C3992090083EDC2 /* CoverageReport.swift */,
				AFCDBFDA1C4F873900039CF8 /* CoverageAnalysis.swift */,
			);
			path = Parasol;
			sourceTree = "<group>";
		};
		AFE7C7A71C34A85E00A95B77 /* ParasolTests */ = {
			isa = PBXGroup;
			children = (
				AFE7C7A81C34A85E00A95B77 /* XcodeProjectTests.swift */,
				AF1DC4FC1C5AC376005FC72A /* XcodeBuildTests.swift */,
				AFE7C7AA1C34A85E00A95B77 /* Info.plist */,
				AF0032041C3D1E8E00158254 /* TestXcodeProjects.zip */,
				AFF8700E1C3B1F8200658254 /* Frameworks */,
			);
			path = ParasolTests;
			sourceTree = "<group>";
		};
		AFF8700E1C3B1F8200658254 /* Frameworks */ = {
			isa = PBXGroup;
			children = (
				AFF75A551C37341B00F450AC /* ZipArchive.framework */,
			);
			name = Frameworks;
			path = ..;
			sourceTree = "<group>";
		};
		AFF8700F1C3B1F8900658254 /* Frameworks */ = {
			isa = PBXGroup;
			children = (
				AFF8700B1C3B1DF200658254 /* Xcode.framework */,
			);
			name = Frameworks;
			path = Parasol;
			sourceTree = "<group>";
		};
/* End PBXGroup section */

/* Begin PBXNativeTarget section */
		AFE7C7971C3493EB00A95B77 /* Parasol */ = {
			isa = PBXNativeTarget;
			buildConfigurationList = AFE7C79F1C3493EB00A95B77 /* Build configuration list for PBXNativeTarget "Parasol" */;
			buildPhases = (
				AFE7C7941C3493EB00A95B77 /* Sources */,
				AFE7C7951C3493EB00A95B77 /* Frameworks */,
				AFE7C7961C3493EB00A95B77 /* CopyFiles */,
			);
			buildRules = (
			);
			dependencies = (
			);
			name = Parasol;
			productName = Parasol;
			productReference = AFE7C7981C3493EB00A95B77 /* Parasol */;
			productType = "com.apple.product-type.tool";
		};
		AFE7C7A51C34A85E00A95B77 /* ParasolTests */ = {
			isa = PBXNativeTarget;
			buildConfigurationList = AFE7C7AB1C34A85E00A95B77 /* Build configuration list for PBXNativeTarget "ParasolTests" */;
			buildPhases = (
				AFE7C7A21C34A85E00A95B77 /* Sources */,
				AFE7C7A31C34A85E00A95B77 /* Frameworks */,
				AFE7C7A41C34A85E00A95B77 /* Resources */,
				AFF75A1C1C37204500F450AC /* Carthage */,
			);
			buildRules = (
			);
			dependencies = (
			);
			name = ParasolTests;
			productName = ParasolTests;
			productReference = AFE7C7A61C34A85E00A95B77 /* ParasolTests.xctest */;
			productType = "com.apple.product-type.bundle.unit-test";
		};
/* End PBXNativeTarget section */

/* Begin PBXProject section */
		AFE7C7901C3493EB00A95B77 /* Project object */ = {
			isa = PBXProject;
			attributes = {
				LastSwiftUpdateCheck = 0720;
				LastUpgradeCheck = 0720;
				ORGANIZATIONNAME = "Loot Financial Services Ltd";
				TargetAttributes = {
					AFE7C7971C3493EB00A95B77 = {
						CreatedOnToolsVersion = 7.2;
					};
					AFE7C7A51C34A85E00A95B77 = {
						CreatedOnToolsVersion = 7.2;
					};
				};
			};
			buildConfigurationList = AFE7C7931C3493EB00A95B77 /* Build configuration list for PBXProject "Parasol" */;
			compatibilityVersion = "Xcode 3.2";
			developmentRegion = English;
			hasScannedForEncodings = 0;
			knownRegions = (
				en,
			);
			mainGroup = AFE7C78F1C3493EB00A95B77;
			productRefGroup = AFE7C7991C3493EB00A95B77 /* Products */;
			projectDirPath = "";
			projectRoot = "";
			targets = (
				AFE7C7971C3493EB00A95B77 /* Parasol */,
				AFE7C7A51C34A85E00A95B77 /* ParasolTests */,
			);
		};
/* End PBXProject section */

/* Begin PBXResourcesBuildPhase section */
		AFE7C7A41C34A85E00A95B77 /* Resources */ = {
			isa = PBXResourcesBuildPhase;
			buildActionMask = 2147483647;
			files = (
				AF0032051C3D1E8E00158254 /* TestXcodeProjects.zip in Resources */,
			);
			runOnlyForDeploymentPostprocessing = 0;
		};
/* End PBXResourcesBuildPhase section */

/* Begin PBXShellScriptBuildPhase section */
		AFF75A1C1C37204500F450AC /* Carthage */ = {
			isa = PBXShellScriptBuildPhase;
			buildActionMask = 2147483647;
			files = (
			);
			inputPaths = (
				"$(SRCROOT)/Carthage/Build/Mac/ZipArchive.framework",
				"$(SRCROOT)/Carthage/Build/Mac/Xcode.framework",
			);
			name = Carthage;
			outputPaths = (
			);
			runOnlyForDeploymentPostprocessing = 0;
			shellPath = /bin/sh;
			shellScript = "/usr/local/bin/carthage copy-frameworks";
		};
/* End PBXShellScriptBuildPhase section */

/* Begin PBXSourcesBuildPhase section */
		AFE7C7941C3493EB00A95B77 /* Sources */ = {
			isa = PBXSourcesBuildPhase;
			buildActionMask = 2147483647;
			files = (
				AFF0F22F1C3992090083EDC2 /* CoverageReport.swift in Sources */,
				AFCDBFDB1C4F873900039CF8 /* CoverageAnalysis.swift in Sources */,
				AFE7C79C1C3493EB00A95B77 /* main.swift in Sources */,
				AFCDBFDD1C4F875600039CF8 /* XCRun.swift in Sources */,
				AF0032071C412C7C00158254 /* XcodeBuild.swift in Sources */,
				AFE7C7B41C34B65100A95B77 /* XcodeProject.swift in Sources */,
				AF00320A1C412CC600158254 /* Target.swift in Sources */,
			);
			runOnlyForDeploymentPostprocessing = 0;
		};
		AFE7C7A21C34A85E00A95B77 /* Sources */ = {
			isa = PBXSourcesBuildPhase;
			buildActionMask = 2147483647;
			files = (
				AF00320B1C412CC600158254 /* Target.swift in Sources */,
				AFC2948B1C50D6F000777D6A /* CoverageAnalysis.swift in Sources */,
				AF1DC4FD1C5AC376005FC72A /* XcodeBuildTests.swift in Sources */,
				AFE7C7B51C34B65100A95B77 /* XcodeProject.swift in Sources */,
				AFF0F2301C3992090083EDC2 /* CoverageReport.swift in Sources */,
				AFC2948A1C50D66400777D6A /* XCRun.swift in Sources */,
				AFE7C7B01C34B26A00A95B77 /* main.swift in Sources */,
				AF0032081C412C7C00158254 /* XcodeBuild.swift in Sources */,
				AFE7C7A91C34A85E00A95B77 /* XcodeProjectTests.swift in Sources */,
			);
			runOnlyForDeploymentPostprocessing = 0;
		};
/* End PBXSourcesBuildPhase section */

/* Begin XCBuildConfiguration section */
		AFE7C79D1C3493EB00A95B77 /* Debug */ = {
			isa = XCBuildConfiguration;
			buildSettings = {
				ALWAYS_SEARCH_USER_PATHS = NO;
				CLANG_CXX_LANGUAGE_STANDARD = "gnu++0x";
				CLANG_CXX_LIBRARY = "libc++";
				CLANG_ENABLE_MODULES = YES;
				CLANG_ENABLE_OBJC_ARC = YES;
				CLANG_WARN_BOOL_CONVERSION = YES;
				CLANG_WARN_CONSTANT_CONVERSION = YES;
				CLANG_WARN_DIRECT_OBJC_ISA_USAGE = YES_ERROR;
				CLANG_WARN_EMPTY_BODY = YES;
				CLANG_WARN_ENUM_CONVERSION = YES;
				CLANG_WARN_INT_CONVERSION = YES;
				CLANG_WARN_OBJC_ROOT_CLASS = YES_ERROR;
				CLANG_WARN_UNREACHABLE_CODE = YES;
				CLANG_WARN__DUPLICATE_METHOD_MATCH = YES;
				CODE_SIGN_IDENTITY = "-";
				COPY_PHASE_STRIP = NO;
				DEBUG_INFORMATION_FORMAT = dwarf;
				ENABLE_STRICT_OBJC_MSGSEND = YES;
				ENABLE_TESTABILITY = YES;
				GCC_C_LANGUAGE_STANDARD = gnu99;
				GCC_DYNAMIC_NO_PIC = NO;
				GCC_NO_COMMON_BLOCKS = YES;
				GCC_OPTIMIZATION_LEVEL = 0;
				GCC_PREPROCESSOR_DEFINITIONS = (
					"DEBUG=1",
					"$(inherited)",
				);
				GCC_WARN_64_TO_32_BIT_CONVERSION = YES;
				GCC_WARN_ABOUT_RETURN_TYPE = YES_ERROR;
				GCC_WARN_UNDECLARED_SELECTOR = YES;
				GCC_WARN_UNINITIALIZED_AUTOS = YES_AGGRESSIVE;
				GCC_WARN_UNUSED_FUNCTION = YES;
				GCC_WARN_UNUSED_VARIABLE = YES;
				MACOSX_DEPLOYMENT_TARGET = 10.11;
				MTL_ENABLE_DEBUG_INFO = YES;
				ONLY_ACTIVE_ARCH = YES;
				SDKROOT = macosx;
				SWIFT_OPTIMIZATION_LEVEL = "-Onone";
			};
			name = Debug;
		};
		AFE7C79E1C3493EB00A95B77 /* Release */ = {
			isa = XCBuildConfiguration;
			buildSettings = {
				ALWAYS_SEARCH_USER_PATHS = NO;
				CLANG_CXX_LANGUAGE_STANDARD = "gnu++0x";
				CLANG_CXX_LIBRARY = "libc++";
				CLANG_ENABLE_MODULES = YES;
				CLANG_ENABLE_OBJC_ARC = YES;
				CLANG_WARN_BOOL_CONVERSION = YES;
				CLANG_WARN_CONSTANT_CONVERSION = YES;
				CLANG_WARN_DIRECT_OBJC_ISA_USAGE = YES_ERROR;
				CLANG_WARN_EMPTY_BODY = YES;
				CLANG_WARN_ENUM_CONVERSION = YES;
				CLANG_WARN_INT_CONVERSION = YES;
				CLANG_WARN_OBJC_ROOT_CLASS = YES_ERROR;
				CLANG_WARN_UNREACHABLE_CODE = YES;
				CLANG_WARN__DUPLICATE_METHOD_MATCH = YES;
				CODE_SIGN_IDENTITY = "-";
				COPY_PHASE_STRIP = NO;
				DEBUG_INFORMATION_FORMAT = "dwarf-with-dsym";
				ENABLE_NS_ASSERTIONS = NO;
				ENABLE_STRICT_OBJC_MSGSEND = YES;
				GCC_C_LANGUAGE_STANDARD = gnu99;
				GCC_NO_COMMON_BLOCKS = YES;
				GCC_WARN_64_TO_32_BIT_CONVERSION = YES;
				GCC_WARN_ABOUT_RETURN_TYPE = YES_ERROR;
				GCC_WARN_UNDECLARED_SELECTOR = YES;
				GCC_WARN_UNINITIALIZED_AUTOS = YES_AGGRESSIVE;
				GCC_WARN_UNUSED_FUNCTION = YES;
				GCC_WARN_UNUSED_VARIABLE = YES;
				MACOSX_DEPLOYMENT_TARGET = 10.11;
				MTL_ENABLE_DEBUG_INFO = NO;
				SDKROOT = macosx;
			};
			name = Release;
		};
		AFE7C7A01C3493EB00A95B77 /* Debug */ = {
			isa = XCBuildConfiguration;
			buildSettings = {
				DEFINES_MODULE = YES;
				FRAMEWORK_SEARCH_PATHS = (
					"$(inherited)",
					"$(PROJECT_DIR)/Carthage/Build/Mac",
				);
				PRODUCT_NAME = "$(TARGET_NAME)";
			};
			name = Debug;
		};
		AFE7C7A11C3493EB00A95B77 /* Release */ = {
			isa = XCBuildConfiguration;
			buildSettings = {
				DEFINES_MODULE = YES;
				FRAMEWORK_SEARCH_PATHS = (
					"$(inherited)",
					"$(PROJECT_DIR)/Carthage/Build/Mac",
				);
				PRODUCT_NAME = "$(TARGET_NAME)";
			};
			name = Release;
		};
		AFE7C7AC1C34A85E00A95B77 /* Debug */ = {
			isa = XCBuildConfiguration;
			buildSettings = {
				COMBINE_HIDPI_IMAGES = YES;
				FRAMEWORK_SEARCH_PATHS = (
					"$(inherited)",
					"$(PROJECT_DIR)/Carthage/Build/Mac",
				);
				INFOPLIST_FILE = ParasolTests/Info.plist;
				LD_RUNPATH_SEARCH_PATHS = "$(inherited) @executable_path/../Frameworks @loader_path/../Frameworks";
				PRODUCT_BUNDLE_IDENTIFIER = io.loot.ParasolTests;
				PRODUCT_NAME = "$(TARGET_NAME)";
			};
			name = Debug;
		};
		AFE7C7AD1C34A85E00A95B77 /* Release */ = {
			isa = XCBuildConfiguration;
			buildSettings = {
				COMBINE_HIDPI_IMAGES = YES;
				FRAMEWORK_SEARCH_PATHS = (
					"$(inherited)",
					"$(PROJECT_DIR)/Carthage/Build/Mac",
				);
				INFOPLIST_FILE = ParasolTests/Info.plist;
				LD_RUNPATH_SEARCH_PATHS = "$(inherited) @executable_path/../Frameworks @loader_path/../Frameworks";
				PRODUCT_BUNDLE_IDENTIFIER = io.loot.ParasolTests;
				PRODUCT_NAME = "$(TARGET_NAME)";
			};
			name = Release;
		};
/* End XCBuildConfiguration section */

/* Begin XCConfigurationList section */
		AFE7C7931C3493EB00A95B77 /* Build configuration list for PBXProject "Parasol" */ = {
			isa = XCConfigurationList;
			buildConfigurations = (
				AFE7C79D1C3493EB00A95B77 /* Debug */,
				AFE7C79E1C3493EB00A95B77 /* Release */,
			);
			defaultConfigurationIsVisible = 0;
			defaultConfigurationName = Release;
		};
		AFE7C79F1C3493EB00A95B77 /* Build configuration list for PBXNativeTarget "Parasol" */ = {
			isa = XCConfigurationList;
			buildConfigurations = (
				AFE7C7A01C3493EB00A95B77 /* Debug */,
				AFE7C7A11C3493EB00A95B77 /* Release */,
			);
			defaultConfigurationIsVisible = 0;
			defaultConfigurationName = Release;
		};
		AFE7C7AB1C34A85E00A95B77 /* Build configuration list for PBXNativeTarget "ParasolTests" */ = {
			isa = XCConfigurationList;
			buildConfigurations = (
				AFE7C7AC1C34A85E00A95B77 /* Debug */,
				AFE7C7AD1C34A85E00A95B77 /* Release */,
			);
			defaultConfigurationIsVisible = 0;
			defaultConfigurationName = Release;
		};
/* End XCConfigurationList section */
	};
	rootObject = AFE7C7901C3493EB00A95B77 /* Project object */;
}
